// !$*UTF8*$!
{
	archiveVersion = 1;
	classes = {
	};
	objectVersion = 46;
	objects = {

/* Begin PBXBuildFile section */
		62675C431C155C890073403F /* Documentation.html in Resources */ = {isa = PBXBuildFile; fileRef = 62675C221C155C890073403F /* Documentation.html */; };
		62675C441C155C890073403F /* GCDAsyncSocket.m in Sources */ = {isa = PBXBuildFile; fileRef = 62675C241C155C890073403F /* GCDAsyncSocket.m */; };
		62675C451C155C890073403F /* GCDAsyncUdpSocket.m in Sources */ = {isa = PBXBuildFile; fileRef = 62675C261C155C890073403F /* GCDAsyncUdpSocket.m */; };
		62675C461C155C890073403F /* Info.plist in Resources */ = {isa = PBXBuildFile; fileRef = 62675C271C155C890073403F /* Info.plist */; };
		62675C471C155C890073403F /* AsyncSocket.m in Sources */ = {isa = PBXBuildFile; fileRef = 62675C2A1C155C890073403F /* AsyncSocket.m */; };
		62675C481C155C890073403F /* AsyncUdpSocket.m in Sources */ = {isa = PBXBuildFile; fileRef = 62675C2C1C155C890073403F /* AsyncUdpSocket.m */; };
		62675C491C155C890073403F /* Documentation.html in Resources */ = {isa = PBXBuildFile; fileRef = 62675C2D1C155C890073403F /* Documentation.html */; };
		62675C4A1C155C890073403F /* DDAbstractDatabaseLogger.m in Sources */ = {isa = PBXBuildFile; fileRef = 62675C311C155C890073403F /* DDAbstractDatabaseLogger.m */; };
		62675C4B1C155C890073403F /* DDASLLogger.m in Sources */ = {isa = PBXBuildFile; fileRef = 62675C331C155C890073403F /* DDASLLogger.m */; };
		62675C4C1C155C890073403F /* DDFileLogger.m in Sources */ = {isa = PBXBuildFile; fileRef = 62675C351C155C890073403F /* DDFileLogger.m */; };
		62675C4D1C155C890073403F /* DDLog.m in Sources */ = {isa = PBXBuildFile; fileRef = 62675C381C155C890073403F /* DDLog.m */; };
		62675C4E1C155C890073403F /* DDTTYLogger.m in Sources */ = {isa = PBXBuildFile; fileRef = 62675C3A1C155C890073403F /* DDTTYLogger.m */; };
		62675C4F1C155C890073403F /* DDContextFilterLogFormatter.m in Sources */ = {isa = PBXBuildFile; fileRef = 62675C3D1C155C890073403F /* DDContextFilterLogFormatter.m */; };
		62675C501C155C890073403F /* DDDispatchQueueLogFormatter.m in Sources */ = {isa = PBXBuildFile; fileRef = 62675C3F1C155C890073403F /* DDDispatchQueueLogFormatter.m */; };
		62675C511C155C890073403F /* DDMultiFormatter.m in Sources */ = {isa = PBXBuildFile; fileRef = 62675C411C155C890073403F /* DDMultiFormatter.m */; };
		62675C521C155C890073403F /* README.txt in Resources */ = {isa = PBXBuildFile; fileRef = 62675C421C155C890073403F /* README.txt */; };
		7E1E6C291A337EBB0017D655 /* HPGrowingTextView.m in Sources */ = {isa = PBXBuildFile; fileRef = 7E1E6C261A337EBB0017D655 /* HPGrowingTextView.m */; };
		7E1E6C2A1A337EBB0017D655 /* HPTextViewInternal.m in Sources */ = {isa = PBXBuildFile; fileRef = 7E1E6C281A337EBB0017D655 /* HPTextViewInternal.m */; };
		7E1E6C2D1A338A820017D655 /* bg_tape@2x.png in Resources */ = {isa = PBXBuildFile; fileRef = 7E1E6C2B1A338A820017D655 /* bg_tape@2x.png */; };
		7E1E6C2E1A338A820017D655 /* bg_tape.png in Resources */ = {isa = PBXBuildFile; fileRef = 7E1E6C2C1A338A820017D655 /* bg_tape.png */; };
		7E416AEE1A32F15600BBF34B /* main.m in Sources */ = {isa = PBXBuildFile; fileRef = 7E416AED1A32F15600BBF34B /* main.m */; };
		7E416AF11A32F15600BBF34B /* AppDelegate.m in Sources */ = {isa = PBXBuildFile; fileRef = 7E416AF01A32F15600BBF34B /* AppDelegate.m */; };
		7E416AF71A32F15600BBF34B /* Main.storyboard in Resources */ = {isa = PBXBuildFile; fileRef = 7E416AF51A32F15600BBF34B /* Main.storyboard */; };
		7E416AF91A32F15600BBF34B /* Images.xcassets in Resources */ = {isa = PBXBuildFile; fileRef = 7E416AF81A32F15600BBF34B /* Images.xcassets */; };
		7E416AFC1A32F15600BBF34B /* LaunchScreen.xib in Resources */ = {isa = PBXBuildFile; fileRef = 7E416AFA1A32F15600BBF34B /* LaunchScreen.xib */; };
		7E416B081A32F15600BBF34B /* ChatRomTests.m in Sources */ = {isa = PBXBuildFile; fileRef = 7E416B071A32F15600BBF34B /* ChatRomTests.m */; };
		7E416B131A32F1DF00BBF34B /* ChatRomListVC.m in Sources */ = {isa = PBXBuildFile; fileRef = 7E416B121A32F1DF00BBF34B /* ChatRomListVC.m */; };
		7E416B231A32F79900BBF34B /* SocketFinder.m in Sources */ = {isa = PBXBuildFile; fileRef = 7E416B1E1A32F79900BBF34B /* SocketFinder.m */; };
		7E416B241A32F79900BBF34B /* SocketHelper.m in Sources */ = {isa = PBXBuildFile; fileRef = 7E416B201A32F79900BBF34B /* SocketHelper.m */; };
		7E416B251A32F79900BBF34B /* SocketPacket.m in Sources */ = {isa = PBXBuildFile; fileRef = 7E416B221A32F79900BBF34B /* SocketPacket.m */; };
		7E416B2C1A32F97200BBF34B /* NSObject+Extension.m in Sources */ = {isa = PBXBuildFile; fileRef = 7E416B2B1A32F97200BBF34B /* NSObject+Extension.m */; };
		7E416B381A33603300BBF34B /* ChatVC.m in Sources */ = {isa = PBXBuildFile; fileRef = 7E416B371A33603300BBF34B /* ChatVC.m */; };
		7E416B3B1A336B6C00BBF34B /* UIInputBar.m in Sources */ = {isa = PBXBuildFile; fileRef = 7E416B3A1A336B6C00BBF34B /* UIInputBar.m */; };
/* End PBXBuildFile section */

/* Begin PBXContainerItemProxy section */
		7E416B021A32F15600BBF34B /* PBXContainerItemProxy */ = {
			isa = PBXContainerItemProxy;
			containerPortal = 7E416AE01A32F15600BBF34B /* Project object */;
			proxyType = 1;
			remoteGlobalIDString = 7E416AE71A32F15600BBF34B;
			remoteInfo = ChatRom;
		};
/* End PBXContainerItemProxy section */

/* Begin PBXFileReference section */
		62675C201C155C890073403F /* CocoaAsyncSocket.h */ = {isa = PBXFileReference; fileEncoding = 4; lastKnownFileType = sourcecode.c.h; path = CocoaAsyncSocket.h; sourceTree = "<group>"; };
		62675C221C155C890073403F /* Documentation.html */ = {isa = PBXFileReference; fileEncoding = 4; lastKnownFileType = text.html; path = Documentation.html; sourceTree = "<group>"; };
		62675C231C155C890073403F /* GCDAsyncSocket.h */ = {isa = PBXFileReference; fileEncoding = 4; lastKnownFileType = sourcecode.c.h; path = GCDAsyncSocket.h; sourceTree = "<group>"; };
		62675C241C155C890073403F /* GCDAsyncSocket.m */ = {isa = PBXFileReference; fileEncoding = 4; lastKnownFileType = sourcecode.c.objc; path = GCDAsyncSocket.m; sourceTree = "<group>"; };
		62675C251C155C890073403F /* GCDAsyncUdpSocket.h */ = {isa = PBXFileReference; fileEncoding = 4; lastKnownFileType = sourcecode.c.h; path = GCDAsyncUdpSocket.h; sourceTree = "<group>"; };
		62675C261C155C890073403F /* GCDAsyncUdpSocket.m */ = {isa = PBXFileReference; fileEncoding = 4; lastKnownFileType = sourcecode.c.objc; path = GCDAsyncUdpSocket.m; sourceTree = "<group>"; };
		62675C271C155C890073403F /* Info.plist */ = {isa = PBXFileReference; fileEncoding = 4; lastKnownFileType = text.plist.xml; path = Info.plist; sourceTree = "<group>"; };
		62675C291C155C890073403F /* AsyncSocket.h */ = {isa = PBXFileReference; fileEncoding = 4; lastKnownFileType = sourcecode.c.h; path = AsyncSocket.h; sourceTree = "<group>"; };
		62675C2A1C155C890073403F /* AsyncSocket.m */ = {isa = PBXFileReference; fileEncoding = 4; lastKnownFileType = sourcecode.c.objc; path = AsyncSocket.m; sourceTree = "<group>"; };
		62675C2B1C155C890073403F /* AsyncUdpSocket.h */ = {isa = PBXFileReference; fileEncoding = 4; lastKnownFileType = sourcecode.c.h; path = AsyncUdpSocket.h; sourceTree = "<group>"; };
		62675C2C1C155C890073403F /* AsyncUdpSocket.m */ = {isa = PBXFileReference; fileEncoding = 4; lastKnownFileType = sourcecode.c.objc; path = AsyncUdpSocket.m; sourceTree = "<group>"; };
		62675C2D1C155C890073403F /* Documentation.html */ = {isa = PBXFileReference; fileEncoding = 4; lastKnownFileType = text.html; path = Documentation.html; sourceTree = "<group>"; };
		62675C301C155C890073403F /* DDAbstractDatabaseLogger.h */ = {isa = PBXFileReference; fileEncoding = 4; lastKnownFileType = sourcecode.c.h; path = DDAbstractDatabaseLogger.h; sourceTree = "<group>"; };
		62675C311C155C890073403F /* DDAbstractDatabaseLogger.m */ = {isa = PBXFileReference; fileEncoding = 4; lastKnownFileType = sourcecode.c.objc; path = DDAbstractDatabaseLogger.m; sourceTree = "<group>"; };
		62675C321C155C890073403F /* DDASLLogger.h */ = {isa = PBXFileReference; fileEncoding = 4; lastKnownFileType = sourcecode.c.h; path = DDASLLogger.h; sourceTree = "<group>"; };
		62675C331C155C890073403F /* DDASLLogger.m */ = {isa = PBXFileReference; fileEncoding = 4; lastKnownFileType = sourcecode.c.objc; path = DDASLLogger.m; sourceTree = "<group>"; };
		62675C341C155C890073403F /* DDFileLogger.h */ = {isa = PBXFileReference; fileEncoding = 4; lastKnownFileType = sourcecode.c.h; path = DDFileLogger.h; sourceTree = "<group>"; };
		62675C351C155C890073403F /* DDFileLogger.m */ = {isa = PBXFileReference; fileEncoding = 4; lastKnownFileType = sourcecode.c.objc; path = DDFileLogger.m; sourceTree = "<group>"; };
		62675C361C155C890073403F /* DDLog+LOGV.h */ = {isa = PBXFileReference; fileEncoding = 4; lastKnownFileType = sourcecode.c.h; path = "DDLog+LOGV.h"; sourceTree = "<group>"; };
		62675C371C155C890073403F /* DDLog.h */ = {isa = PBXFileReference; fileEncoding = 4; lastKnownFileType = sourcecode.c.h; path = DDLog.h; sourceTree = "<group>"; };
		62675C381C155C890073403F /* DDLog.m */ = {isa = PBXFileReference; fileEncoding = 4; lastKnownFileType = sourcecode.c.objc; path = DDLog.m; sourceTree = "<group>"; };
		62675C391C155C890073403F /* DDTTYLogger.h */ = {isa = PBXFileReference; fileEncoding = 4; lastKnownFileType = sourcecode.c.h; path = DDTTYLogger.h; sourceTree = "<group>"; };
		62675C3A1C155C890073403F /* DDTTYLogger.m */ = {isa = PBXFileReference; fileEncoding = 4; lastKnownFileType = sourcecode.c.objc; path = DDTTYLogger.m; sourceTree = "<group>"; };
		62675C3C1C155C890073403F /* DDContextFilterLogFormatter.h */ = {isa = PBXFileReference; fileEncoding = 4; lastKnownFileType = sourcecode.c.h; path = DDContextFilterLogFormatter.h; sourceTree = "<group>"; };
		62675C3D1C155C890073403F /* DDContextFilterLogFormatter.m */ = {isa = PBXFileReference; fileEncoding = 4; lastKnownFileType = sourcecode.c.objc; path = DDContextFilterLogFormatter.m; sourceTree = "<group>"; };
		62675C3E1C155C890073403F /* DDDispatchQueueLogFormatter.h */ = {isa = PBXFileReference; fileEncoding = 4; lastKnownFileType = sourcecode.c.h; path = DDDispatchQueueLogFormatter.h; sourceTree = "<group>"; };
		62675C3F1C155C890073403F /* DDDispatchQueueLogFormatter.m */ = {isa = PBXFileReference; fileEncoding = 4; lastKnownFileType = sourcecode.c.objc; path = DDDispatchQueueLogFormatter.m; sourceTree = "<group>"; };
		62675C401C155C890073403F /* DDMultiFormatter.h */ = {isa = PBXFileReference; fileEncoding = 4; lastKnownFileType = sourcecode.c.h; path = DDMultiFormatter.h; sourceTree = "<group>"; };
		62675C411C155C890073403F /* DDMultiFormatter.m */ = {isa = PBXFileReference; fileEncoding = 4; lastKnownFileType = sourcecode.c.objc; path = DDMultiFormatter.m; sourceTree = "<group>"; };
		62675C421C155C890073403F /* README.txt */ = {isa = PBXFileReference; fileEncoding = 4; lastKnownFileType = text; path = README.txt; sourceTree = "<group>"; };
		7E1E6C251A337EBB0017D655 /* HPGrowingTextView.h */ = {isa = PBXFileReference; fileEncoding = 4; lastKnownFileType = sourcecode.c.h; path = HPGrowingTextView.h; sourceTree = "<group>"; };
		7E1E6C261A337EBB0017D655 /* HPGrowingTextView.m */ = {isa = PBXFileReference; fileEncoding = 4; lastKnownFileType = sourcecode.c.objc; path = HPGrowingTextView.m; sourceTree = "<group>"; };
		7E1E6C271A337EBB0017D655 /* HPTextViewInternal.h */ = {isa = PBXFileReference; fileEncoding = 4; lastKnownFileType = sourcecode.c.h; path = HPTextViewInternal.h; sourceTree = "<group>"; };
		7E1E6C281A337EBB0017D655 /* HPTextViewInternal.m */ = {isa = PBXFileReference; fileEncoding = 4; lastKnownFileType = sourcecode.c.objc; path = HPTextViewInternal.m; sourceTree = "<group>"; };
		7E1E6C2B1A338A820017D655 /* bg_tape@2x.png */ = {isa = PBXFileReference; lastKnownFileType = image.png; path = "bg_tape@2x.png"; sourceTree = "<group>"; };
		7E1E6C2C1A338A820017D655 /* bg_tape.png */ = {isa = PBXFileReference; lastKnownFileType = image.png; path = bg_tape.png; sourceTree = "<group>"; };
		7E416AE81A32F15600BBF34B /* ChatRom.app */ = {isa = PBXFileReference; explicitFileType = wrapper.application; includeInIndex = 0; path = ChatRom.app; sourceTree = BUILT_PRODUCTS_DIR; };
		7E416AEC1A32F15600BBF34B /* Info.plist */ = {isa = PBXFileReference; lastKnownFileType = text.plist.xml; path = Info.plist; sourceTree = "<group>"; };
		7E416AED1A32F15600BBF34B /* main.m */ = {isa = PBXFileReference; lastKnownFileType = sourcecode.c.objc; path = main.m; sourceTree = "<group>"; };
		7E416AEF1A32F15600BBF34B /* AppDelegate.h */ = {isa = PBXFileReference; lastKnownFileType = sourcecode.c.h; path = AppDelegate.h; sourceTree = "<group>"; };
		7E416AF01A32F15600BBF34B /* AppDelegate.m */ = {isa = PBXFileReference; lastKnownFileType = sourcecode.c.objc; path = AppDelegate.m; sourceTree = "<group>"; };
		7E416AF61A32F15600BBF34B /* Base */ = {isa = PBXFileReference; lastKnownFileType = file.storyboard; name = Base; path = Base.lproj/Main.storyboard; sourceTree = "<group>"; };
		7E416AF81A32F15600BBF34B /* Images.xcassets */ = {isa = PBXFileReference; lastKnownFileType = folder.assetcatalog; path = Images.xcassets; sourceTree = "<group>"; };
		7E416AFB1A32F15600BBF34B /* Base */ = {isa = PBXFileReference; lastKnownFileType = file.xib; name = Base; path = Base.lproj/LaunchScreen.xib; sourceTree = "<group>"; };
		7E416B011A32F15600BBF34B /* ChatRomTests.xctest */ = {isa = PBXFileReference; explicitFileType = wrapper.cfbundle; includeInIndex = 0; path = ChatRomTests.xctest; sourceTree = BUILT_PRODUCTS_DIR; };
		7E416B061A32F15600BBF34B /* Info.plist */ = {isa = PBXFileReference; lastKnownFileType = text.plist.xml; path = Info.plist; sourceTree = "<group>"; };
		7E416B071A32F15600BBF34B /* ChatRomTests.m */ = {isa = PBXFileReference; lastKnownFileType = sourcecode.c.objc; path = ChatRomTests.m; sourceTree = "<group>"; };
		7E416B111A32F1DF00BBF34B /* ChatRomListVC.h */ = {isa = PBXFileReference; fileEncoding = 4; lastKnownFileType = sourcecode.c.h; path = ChatRomListVC.h; sourceTree = "<group>"; };
		7E416B121A32F1DF00BBF34B /* ChatRomListVC.m */ = {isa = PBXFileReference; fileEncoding = 4; lastKnownFileType = sourcecode.c.objc; path = ChatRomListVC.m; sourceTree = "<group>"; };
		7E416B1D1A32F79900BBF34B /* SocketFinder.h */ = {isa = PBXFileReference; fileEncoding = 4; lastKnownFileType = sourcecode.c.h; path = SocketFinder.h; sourceTree = "<group>"; };
		7E416B1E1A32F79900BBF34B /* SocketFinder.m */ = {isa = PBXFileReference; fileEncoding = 4; lastKnownFileType = sourcecode.c.objc; path = SocketFinder.m; sourceTree = "<group>"; };
		7E416B1F1A32F79900BBF34B /* SocketHelper.h */ = {isa = PBXFileReference; fileEncoding = 4; lastKnownFileType = sourcecode.c.h; path = SocketHelper.h; sourceTree = "<group>"; };
		7E416B201A32F79900BBF34B /* SocketHelper.m */ = {isa = PBXFileReference; fileEncoding = 4; lastKnownFileType = sourcecode.c.objc; path = SocketHelper.m; sourceTree = "<group>"; };
		7E416B211A32F79900BBF34B /* SocketPacket.h */ = {isa = PBXFileReference; fileEncoding = 4; lastKnownFileType = sourcecode.c.h; path = SocketPacket.h; sourceTree = "<group>"; };
		7E416B221A32F79900BBF34B /* SocketPacket.m */ = {isa = PBXFileReference; fileEncoding = 4; lastKnownFileType = sourcecode.c.objc; path = SocketPacket.m; sourceTree = "<group>"; };
		7E416B261A32F7D700BBF34B /* common.h */ = {isa = PBXFileReference; fileEncoding = 4; lastKnownFileType = sourcecode.c.h; path = common.h; sourceTree = "<group>"; };
		7E416B281A32F8AD00BBF34B /* PrefixHeader.pch */ = {isa = PBXFileReference; fileEncoding = 4; lastKnownFileType = sourcecode.c.h; path = PrefixHeader.pch; sourceTree = "<group>"; };
		7E416B2A1A32F97200BBF34B /* NSObject+Extension.h */ = {isa = PBXFileReference; fileEncoding = 4; lastKnownFileType = sourcecode.c.h; path = "NSObject+Extension.h"; sourceTree = "<group>"; };
		7E416B2B1A32F97200BBF34B /* NSObject+Extension.m */ = {isa = PBXFileReference; fileEncoding = 4; lastKnownFileType = sourcecode.c.objc; path = "NSObject+Extension.m"; sourceTree = "<group>"; };
		7E416B361A33603300BBF34B /* ChatVC.h */ = {isa = PBXFileReference; fileEncoding = 4; lastKnownFileType = sourcecode.c.h; path = ChatVC.h; sourceTree = "<group>"; };
		7E416B371A33603300BBF34B /* ChatVC.m */ = {isa = PBXFileReference; fileEncoding = 4; lastKnownFileType = sourcecode.c.objc; path = ChatVC.m; sourceTree = "<group>"; };
		7E416B391A336B6C00BBF34B /* UIInputBar.h */ = {isa = PBXFileReference; fileEncoding = 4; lastKnownFileType = sourcecode.c.h; path = UIInputBar.h; sourceTree = "<group>"; };
		7E416B3A1A336B6C00BBF34B /* UIInputBar.m */ = {isa = PBXFileReference; fileEncoding = 4; lastKnownFileType = sourcecode.c.objc; path = UIInputBar.m; sourceTree = "<group>"; };
/* End PBXFileReference section */

/* Begin PBXFrameworksBuildPhase section */
		7E416AE51A32F15600BBF34B /* Frameworks */ = {
			isa = PBXFrameworksBuildPhase;
			buildActionMask = 2147483647;
			files = (
			);
			runOnlyForDeploymentPostprocessing = 0;
		};
		7E416AFE1A32F15600BBF34B /* Frameworks */ = {
			isa = PBXFrameworksBuildPhase;
			buildActionMask = 2147483647;
			files = (
			);
			runOnlyForDeploymentPostprocessing = 0;
		};
/* End PBXFrameworksBuildPhase section */

/* Begin PBXGroup section */
		62675C1F1C155C890073403F /* Source */ = {
			isa = PBXGroup;
			children = (
				62675C201C155C890073403F /* CocoaAsyncSocket.h */,
				62675C211C155C890073403F /* GCD */,
				62675C271C155C890073403F /* Info.plist */,
				62675C281C155C890073403F /* RunLoop */,
				62675C2E1C155C890073403F /* Vendor */,
			);
			path = Source;
			sourceTree = "<group>";
		};
		62675C211C155C890073403F /* GCD */ = {
			isa = PBXGroup;
			children = (
				62675C221C155C890073403F /* Documentation.html */,
				62675C231C155C890073403F /* GCDAsyncSocket.h */,
				62675C241C155C890073403F /* GCDAsyncSocket.m */,
				62675C251C155C890073403F /* GCDAsyncUdpSocket.h */,
				62675C261C155C890073403F /* GCDAsyncUdpSocket.m */,
			);
			path = GCD;
			sourceTree = "<group>";
		};
		62675C281C155C890073403F /* RunLoop */ = {
			isa = PBXGroup;
			children = (
				62675C291C155C890073403F /* AsyncSocket.h */,
				62675C2A1C155C890073403F /* AsyncSocket.m */,
				62675C2B1C155C890073403F /* AsyncUdpSocket.h */,
				62675C2C1C155C890073403F /* AsyncUdpSocket.m */,
				62675C2D1C155C890073403F /* Documentation.html */,
			);
			path = RunLoop;
			sourceTree = "<group>";
		};
		62675C2E1C155C890073403F /* Vendor */ = {
			isa = PBXGroup;
			children = (
				62675C2F1C155C890073403F /* CocoaLumberjack */,
			);
			path = Vendor;
			sourceTree = "<group>";
		};
		62675C2F1C155C890073403F /* CocoaLumberjack */ = {
			isa = PBXGroup;
			children = (
				62675C301C155C890073403F /* DDAbstractDatabaseLogger.h */,
				62675C311C155C890073403F /* DDAbstractDatabaseLogger.m */,
				62675C321C155C890073403F /* DDASLLogger.h */,
				62675C331C155C890073403F /* DDASLLogger.m */,
				62675C341C155C890073403F /* DDFileLogger.h */,
				62675C351C155C890073403F /* DDFileLogger.m */,
				62675C361C155C890073403F /* DDLog+LOGV.h */,
				62675C371C155C890073403F /* DDLog.h */,
				62675C381C155C890073403F /* DDLog.m */,
				62675C391C155C890073403F /* DDTTYLogger.h */,
				62675C3A1C155C890073403F /* DDTTYLogger.m */,
				62675C3B1C155C890073403F /* Extensions */,
			);
			path = CocoaLumberjack;
			sourceTree = "<group>";
		};
		62675C3B1C155C890073403F /* Extensions */ = {
			isa = PBXGroup;
			children = (
				62675C3C1C155C890073403F /* DDContextFilterLogFormatter.h */,
				62675C3D1C155C890073403F /* DDContextFilterLogFormatter.m */,
				62675C3E1C155C890073403F /* DDDispatchQueueLogFormatter.h */,
				62675C3F1C155C890073403F /* DDDispatchQueueLogFormatter.m */,
				62675C401C155C890073403F /* DDMultiFormatter.h */,
				62675C411C155C890073403F /* DDMultiFormatter.m */,
				62675C421C155C890073403F /* README.txt */,
			);
			path = Extensions;
			sourceTree = "<group>";
		};
		7E1E6C241A337EBB0017D655 /* HPGrowingTextView */ = {
			isa = PBXGroup;
			children = (
				7E1E6C251A337EBB0017D655 /* HPGrowingTextView.h */,
				7E1E6C261A337EBB0017D655 /* HPGrowingTextView.m */,
				7E1E6C271A337EBB0017D655 /* HPTextViewInternal.h */,
				7E1E6C281A337EBB0017D655 /* HPTextViewInternal.m */,
			);
			path = HPGrowingTextView;
			sourceTree = "<group>";
		};
		7E416ADF1A32F15600BBF34B = {
			isa = PBXGroup;
			children = (
				7E416AEA1A32F15600BBF34B /* ChatRom */,
				7E416B041A32F15600BBF34B /* ChatRomTests */,
				7E416AE91A32F15600BBF34B /* Products */,
			);
			sourceTree = "<group>";
		};
		7E416AE91A32F15600BBF34B /* Products */ = {
			isa = PBXGroup;
			children = (
				7E416AE81A32F15600BBF34B /* ChatRom.app */,
				7E416B011A32F15600BBF34B /* ChatRomTests.xctest */,
			);
			name = Products;
			sourceTree = "<group>";
		};
		7E416AEA1A32F15600BBF34B /* ChatRom */ = {
			isa = PBXGroup;
			children = (
				7E416B111A32F1DF00BBF34B /* ChatRomListVC.h */,
				7E416B121A32F1DF00BBF34B /* ChatRomListVC.m */,
				7E416B361A33603300BBF34B /* ChatVC.h */,
				7E416B371A33603300BBF34B /* ChatVC.m */,
				7E416B391A336B6C00BBF34B /* UIInputBar.h */,
				7E416B3A1A336B6C00BBF34B /* UIInputBar.m */,
				7E416AEF1A32F15600BBF34B /* AppDelegate.h */,
				7E416AF01A32F15600BBF34B /* AppDelegate.m */,
				7E416B261A32F7D700BBF34B /* common.h */,
				7E416AF51A32F15600BBF34B /* Main.storyboard */,
				7E416AF81A32F15600BBF34B /* Images.xcassets */,
				7E416AFA1A32F15600BBF34B /* LaunchScreen.xib */,
				7E1E6C2B1A338A820017D655 /* bg_tape@2x.png */,
				7E1E6C2C1A338A820017D655 /* bg_tape.png */,
				7E416B291A32F97200BBF34B /* categarys */,
				7E416B1C1A32F79900BBF34B /* socket */,
				7E416B141A32F78F00BBF34B /* libs */,
				7E416AEB1A32F15600BBF34B /* Supporting Files */,
			);
			path = ChatRom;
			sourceTree = "<group>";
		};
		7E416AEB1A32F15600BBF34B /* Supporting Files */ = {
			isa = PBXGroup;
			children = (
				7E416AEC1A32F15600BBF34B /* Info.plist */,
				7E416AED1A32F15600BBF34B /* main.m */,
				7E416B281A32F8AD00BBF34B /* PrefixHeader.pch */,
			);
			name = "Supporting Files";
			sourceTree = "<group>";
		};
		7E416B041A32F15600BBF34B /* ChatRomTests */ = {
			isa = PBXGroup;
			children = (
				7E416B071A32F15600BBF34B /* ChatRomTests.m */,
				7E416B051A32F15600BBF34B /* Supporting Files */,
			);
			path = ChatRomTests;
			sourceTree = "<group>";
		};
		7E416B051A32F15600BBF34B /* Supporting Files */ = {
			isa = PBXGroup;
			children = (
				7E416B061A32F15600BBF34B /* Info.plist */,
			);
			name = "Supporting Files";
			sourceTree = "<group>";
		};
		7E416B141A32F78F00BBF34B /* libs */ = {
			isa = PBXGroup;
			children = (
				7E1E6C241A337EBB0017D655 /* HPGrowingTextView */,
			);
			path = libs;
			sourceTree = "<group>";
		};
		7E416B1C1A32F79900BBF34B /* socket */ = {
			isa = PBXGroup;
			children = (
				62675C1F1C155C890073403F /* Source */,
				7E416B1D1A32F79900BBF34B /* SocketFinder.h */,
				7E416B1E1A32F79900BBF34B /* SocketFinder.m */,
				7E416B1F1A32F79900BBF34B /* SocketHelper.h */,
				7E416B201A32F79900BBF34B /* SocketHelper.m */,
				7E416B211A32F79900BBF34B /* SocketPacket.h */,
				7E416B221A32F79900BBF34B /* SocketPacket.m */,
			);
			path = socket;
			sourceTree = "<group>";
		};
		7E416B291A32F97200BBF34B /* categarys */ = {
			isa = PBXGroup;
			children = (
				7E416B2A1A32F97200BBF34B /* NSObject+Extension.h */,
				7E416B2B1A32F97200BBF34B /* NSObject+Extension.m */,
			);
			path = categarys;
			sourceTree = "<group>";
		};
/* End PBXGroup section */

/* Begin PBXNativeTarget section */
		7E416AE71A32F15600BBF34B /* ChatRom */ = {
			isa = PBXNativeTarget;
			buildConfigurationList = 7E416B0B1A32F15600BBF34B /* Build configuration list for PBXNativeTarget "ChatRom" */;
			buildPhases = (
				7E416AE41A32F15600BBF34B /* Sources */,
				7E416AE51A32F15600BBF34B /* Frameworks */,
				7E416AE61A32F15600BBF34B /* Resources */,
			);
			buildRules = (
			);
			dependencies = (
			);
			name = ChatRom;
			productName = ChatRom;
			productReference = 7E416AE81A32F15600BBF34B /* ChatRom.app */;
			productType = "com.apple.product-type.application";
		};
		7E416B001A32F15600BBF34B /* ChatRomTests */ = {
			isa = PBXNativeTarget;
			buildConfigurationList = 7E416B0E1A32F15600BBF34B /* Build configuration list for PBXNativeTarget "ChatRomTests" */;
			buildPhases = (
				7E416AFD1A32F15600BBF34B /* Sources */,
				7E416AFE1A32F15600BBF34B /* Frameworks */,
				7E416AFF1A32F15600BBF34B /* Resources */,
			);
			buildRules = (
			);
			dependencies = (
				7E416B031A32F15600BBF34B /* PBXTargetDependency */,
			);
			name = ChatRomTests;
			productName = ChatRomTests;
			productReference = 7E416B011A32F15600BBF34B /* ChatRomTests.xctest */;
			productType = "com.apple.product-type.bundle.unit-test";
		};
/* End PBXNativeTarget section */

/* Begin PBXProject section */
		7E416AE01A32F15600BBF34B /* Project object */ = {
			isa = PBXProject;
			attributes = {
				LastUpgradeCheck = 0610;
				ORGANIZATIONNAME = sumeng;
				TargetAttributes = {
					7E416AE71A32F15600BBF34B = {
						CreatedOnToolsVersion = 6.1.1;
					};
					7E416B001A32F15600BBF34B = {
						CreatedOnToolsVersion = 6.1.1;
						TestTargetID = 7E416AE71A32F15600BBF34B;
					};
				};
			};
			buildConfigurationList = 7E416AE31A32F15600BBF34B /* Build configuration list for PBXProject "ChatRom" */;
			compatibilityVersion = "Xcode 3.2";
			developmentRegion = English;
			hasScannedForEncodings = 0;
			knownRegions = (
				en,
				Base,
			);
			mainGroup = 7E416ADF1A32F15600BBF34B;
			productRefGroup = 7E416AE91A32F15600BBF34B /* Products */;
			projectDirPath = "";
			projectRoot = "";
			targets = (
				7E416AE71A32F15600BBF34B /* ChatRom */,
				7E416B001A32F15600BBF34B /* ChatRomTests */,
			);
		};
/* End PBXProject section */

/* Begin PBXResourcesBuildPhase section */
		7E416AE61A32F15600BBF34B /* Resources */ = {
			isa = PBXResourcesBuildPhase;
			buildActionMask = 2147483647;
			files = (
				7E1E6C2E1A338A820017D655 /* bg_tape.png in Resources */,
				62675C521C155C890073403F /* README.txt in Resources */,
				62675C431C155C890073403F /* Documentation.html in Resources */,
				7E416AF71A32F15600BBF34B /* Main.storyboard in Resources */,
				7E1E6C2D1A338A820017D655 /* bg_tape@2x.png in Resources */,
				7E416AFC1A32F15600BBF34B /* LaunchScreen.xib in Resources */,
				7E416AF91A32F15600BBF34B /* Images.xcassets in Resources */,
				62675C461C155C890073403F /* Info.plist in Resources */,
				62675C491C155C890073403F /* Documentation.html in Resources */,
			);
			runOnlyForDeploymentPostprocessing = 0;
		};
		7E416AFF1A32F15600BBF34B /* Resources */ = {
			isa = PBXResourcesBuildPhase;
			buildActionMask = 2147483647;
			files = (
			);
			runOnlyForDeploymentPostprocessing = 0;
		};
/* End PBXResourcesBuildPhase section */

/* Begin PBXSourcesBuildPhase section */
		7E416AE41A32F15600BBF34B /* Sources */ = {
			isa = PBXSourcesBuildPhase;
			buildActionMask = 2147483647;
			files = (
				62675C441C155C890073403F /* GCDAsyncSocket.m in Sources */,
				62675C4E1C155C890073403F /* DDTTYLogger.m in Sources */,
				7E416B2C1A32F97200BBF34B /* NSObject+Extension.m in Sources */,
				7E1E6C291A337EBB0017D655 /* HPGrowingTextView.m in Sources */,
				7E416B3B1A336B6C00BBF34B /* UIInputBar.m in Sources */,
				7E1E6C2A1A337EBB0017D655 /* HPTextViewInternal.m in Sources */,
				7E416B251A32F79900BBF34B /* SocketPacket.m in Sources */,
				62675C511C155C890073403F /* DDMultiFormatter.m in Sources */,
				62675C4A1C155C890073403F /* DDAbstractDatabaseLogger.m in Sources */,
				62675C4C1C155C890073403F /* DDFileLogger.m in Sources */,
				62675C4F1C155C890073403F /* DDContextFilterLogFormatter.m in Sources */,
				62675C481C155C890073403F /* AsyncUdpSocket.m in Sources */,
				7E416B231A32F79900BBF34B /* SocketFinder.m in Sources */,
				7E416B241A32F79900BBF34B /* SocketHelper.m in Sources */,
				62675C501C155C890073403F /* DDDispatchQueueLogFormatter.m in Sources */,
				7E416B131A32F1DF00BBF34B /* ChatRomListVC.m in Sources */,
				62675C4B1C155C890073403F /* DDASLLogger.m in Sources */,
				7E416AF11A32F15600BBF34B /* AppDelegate.m in Sources */,
				7E416B381A33603300BBF34B /* ChatVC.m in Sources */,
				62675C451C155C890073403F /* GCDAsyncUdpSocket.m in Sources */,
				7E416AEE1A32F15600BBF34B /* main.m in Sources */,
				62675C471C155C890073403F /* AsyncSocket.m in Sources */,
				62675C4D1C155C890073403F /* DDLog.m in Sources */,
			);
			runOnlyForDeploymentPostprocessing = 0;
		};
		7E416AFD1A32F15600BBF34B /* Sources */ = {
			isa = PBXSourcesBuildPhase;
			buildActionMask = 2147483647;
			files = (
				7E416B081A32F15600BBF34B /* ChatRomTests.m in Sources */,
			);
			runOnlyForDeploymentPostprocessing = 0;
		};
/* End PBXSourcesBuildPhase section */

/* Begin PBXTargetDependency section */
		7E416B031A32F15600BBF34B /* PBXTargetDependency */ = {
			isa = PBXTargetDependency;
			target = 7E416AE71A32F15600BBF34B /* ChatRom */;
			targetProxy = 7E416B021A32F15600BBF34B /* PBXContainerItemProxy */;
		};
/* End PBXTargetDependency section */

/* Begin PBXVariantGroup section */
		7E416AF51A32F15600BBF34B /* Main.storyboard */ = {
			isa = PBXVariantGroup;
			children = (
				7E416AF61A32F15600BBF34B /* Base */,
			);
			name = Main.storyboard;
			sourceTree = "<group>";
		};
		7E416AFA1A32F15600BBF34B /* LaunchScreen.xib */ = {
			isa = PBXVariantGroup;
			children = (
				7E416AFB1A32F15600BBF34B /* Base */,
			);
			name = LaunchScreen.xib;
			sourceTree = "<group>";
		};
/* End PBXVariantGroup section */

/* Begin XCBuildConfiguration section */
		7E416B091A32F15600BBF34B /* Debug */ = {
			isa = XCBuildConfiguration;
			buildSettings = {
				ALWAYS_SEARCH_USER_PATHS = NO;
				CLANG_CXX_LANGUAGE_STANDARD = "gnu++0x";
				CLANG_CXX_LIBRARY = "libc++";
				CLANG_ENABLE_MODULES = YES;
				CLANG_ENABLE_OBJC_ARC = YES;
				CLANG_WARN_BOOL_CONVERSION = YES;
				CLANG_WARN_CONSTANT_CONVERSION = YES;
				CLANG_WARN_DIRECT_OBJC_ISA_USAGE = YES_ERROR;
				CLANG_WARN_EMPTY_BODY = YES;
				CLANG_WARN_ENUM_CONVERSION = YES;
				CLANG_WARN_INT_CONVERSION = YES;
				CLANG_WARN_OBJC_ROOT_CLASS = YES_ERROR;
				CLANG_WARN_UNREACHABLE_CODE = YES;
				CLANG_WARN__DUPLICATE_METHOD_MATCH = YES;
				"CODE_SIGN_IDENTITY[sdk=iphoneos*]" = "iPhone Developer";
				COPY_PHASE_STRIP = NO;
				ENABLE_STRICT_OBJC_MSGSEND = YES;
				GCC_C_LANGUAGE_STANDARD = gnu99;
				GCC_DYNAMIC_NO_PIC = NO;
				GCC_OPTIMIZATION_LEVEL = 0;
				GCC_PREPROCESSOR_DEFINITIONS = (
					"DEBUG=1",
					"$(inherited)",
				);
				GCC_SYMBOLS_PRIVATE_EXTERN = NO;
				GCC_WARN_64_TO_32_BIT_CONVERSION = YES;
				GCC_WARN_ABOUT_RETURN_TYPE = YES_ERROR;
				GCC_WARN_UNDECLARED_SELECTOR = YES;
				GCC_WARN_UNINITIALIZED_AUTOS = YES_AGGRESSIVE;
				GCC_WARN_UNUSED_FUNCTION = YES;
				GCC_WARN_UNUSED_VARIABLE = YES;
				IPHONEOS_DEPLOYMENT_TARGET = 8.1;
				MTL_ENABLE_DEBUG_INFO = YES;
				ONLY_ACTIVE_ARCH = YES;
				SDKROOT = iphoneos;
			};
			name = Debug;
		};
		7E416B0A1A32F15600BBF34B /* Release */ = {
			isa = XCBuildConfiguration;
			buildSettings = {
				ALWAYS_SEARCH_USER_PATHS = NO;
				CLANG_CXX_LANGUAGE_STANDARD = "gnu++0x";
				CLANG_CXX_LIBRARY = "libc++";
				CLANG_ENABLE_MODULES = YES;
				CLANG_ENABLE_OBJC_ARC = YES;
				CLANG_WARN_BOOL_CONVERSION = YES;
				CLANG_WARN_CONSTANT_CONVERSION = YES;
				CLANG_WARN_DIRECT_OBJC_ISA_USAGE = YES_ERROR;
				CLANG_WARN_EMPTY_BODY = YES;
				CLANG_WARN_ENUM_CONVERSION = YES;
				CLANG_WARN_INT_CONVERSION = YES;
				CLANG_WARN_OBJC_ROOT_CLASS = YES_ERROR;
				CLANG_WARN_UNREACHABLE_CODE = YES;
				CLANG_WARN__DUPLICATE_METHOD_MATCH = YES;
				"CODE_SIGN_IDENTITY[sdk=iphoneos*]" = "iPhone Developer";
				COPY_PHASE_STRIP = YES;
				ENABLE_NS_ASSERTIONS = NO;
				ENABLE_STRICT_OBJC_MSGSEND = YES;
				GCC_C_LANGUAGE_STANDARD = gnu99;
				GCC_WARN_64_TO_32_BIT_CONVERSION = YES;
				GCC_WARN_ABOUT_RETURN_TYPE = YES_ERROR;
				GCC_WARN_UNDECLARED_SELECTOR = YES;
				GCC_WARN_UNINITIALIZED_AUTOS = YES_AGGRESSIVE;
				GCC_WARN_UNUSED_FUNCTION = YES;
				GCC_WARN_UNUSED_VARIABLE = YES;
				IPHONEOS_DEPLOYMENT_TARGET = 8.1;
				MTL_ENABLE_DEBUG_INFO = NO;
				SDKROOT = iphoneos;
				VALIDATE_PRODUCT = YES;
			};
			name = Release;
		};
		7E416B0C1A32F15600BBF34B /* Debug */ = {
			isa = XCBuildConfiguration;
			buildSettings = {
				ASSETCATALOG_COMPILER_APPICON_NAME = AppIcon;
				GCC_PREFIX_HEADER = ChatRom/PrefixHeader.pch;
				INFOPLIST_FILE = ChatRom/Info.plist;
				IPHONEOS_DEPLOYMENT_TARGET = 8.0;
				LD_RUNPATH_SEARCH_PATHS = "$(inherited) @executable_path/Frameworks";
				PRODUCT_NAME = "$(TARGET_NAME)";
			};
			name = Debug;
		};
		7E416B0D1A32F15600BBF34B /* Release */ = {
			isa = XCBuildConfiguration;
			buildSettings = {
				ASSETCATALOG_COMPILER_APPICON_NAME = AppIcon;
				GCC_PREFIX_HEADER = ChatRom/PrefixHeader.pch;
				INFOPLIST_FILE = ChatRom/Info.plist;
				IPHONEOS_DEPLOYMENT_TARGET = 8.0;
				LD_RUNPATH_SEARCH_PATHS = "$(inherited) @executable_path/Frameworks";
				PRODUCT_NAME = "$(TARGET_NAME)";
			};
			name = Release;
		};
		7E416B0F1A32F15600BBF34B /* Debug */ = {
			isa = XCBuildConfiguration;
			buildSettings = {
				BUNDLE_LOADER = "$(TEST_HOST)";
				FRAMEWORK_SEARCH_PATHS = (
					"$(SDKROOT)/Developer/Library/Frameworks",
					"$(inherited)",
				);
				GCC_PREPROCESSOR_DEFINITIONS = (
					"DEBUG=1",
					"$(inherited)",
				);
				INFOPLIST_FILE = ChatRomTests/Info.plist;
				LD_RUNPATH_SEARCH_PATHS = "$(inherited) @executable_path/Frameworks @loader_path/Frameworks";
				PRODUCT_NAME = "$(TARGET_NAME)";
				TEST_HOST = "$(BUILT_PRODUCTS_DIR)/ChatRom.app/ChatRom";
			};
			name = Debug;
		};
		7E416B101A32F15600BBF34B /* Release */ = {
			isa = XCBuildConfiguration;
			buildSettings = {
				BUNDLE_LOADER = "$(TEST_HOST)";
				FRAMEWORK_SEARCH_PATHS = (
					"$(SDKROOT)/Developer/Library/Frameworks",
					"$(inherited)",
				);
				INFOPLIST_FILE = ChatRomTests/Info.plist;
				LD_RUNPATH_SEARCH_PATHS = "$(inherited) @executable_path/Frameworks @loader_path/Frameworks";
				PRODUCT_NAME = "$(TARGET_NAME)";
				TEST_HOST = "$(BUILT_PRODUCTS_DIR)/ChatRom.app/ChatRom";
			};
			name = Release;
		};
/* End XCBuildConfiguration section */

/* Begin XCConfigurationList section */
		7E416AE31A32F15600BBF34B /* Build configuration list for PBXProject "ChatRom" */ = {
			isa = XCConfigurationList;
			buildConfigurations = (
				7E416B091A32F15600BBF34B /* Debug */,
				7E416B0A1A32F15600BBF34B /* Release */,
			);
			defaultConfigurationIsVisible = 0;
			defaultConfigurationName = Release;
		};
		7E416B0B1A32F15600BBF34B /* Build configuration list for PBXNativeTarget "ChatRom" */ = {
			isa = XCConfigurationList;
			buildConfigurations = (
				7E416B0C1A32F15600BBF34B /* Debug */,
				7E416B0D1A32F15600BBF34B /* Release */,
			);
			defaultConfigurationIsVisible = 0;
			defaultConfigurationName = Release;
		};
		7E416B0E1A32F15600BBF34B /* Build configuration list for PBXNativeTarget "ChatRomTests" */ = {
			isa = XCConfigurationList;
			buildConfigurations = (
				7E416B0F1A32F15600BBF34B /* Debug */,
				7E416B101A32F15600BBF34B /* Release */,
			);
			defaultConfigurationIsVisible = 0;
			defaultConfigurationName = Release;
		};
/* End XCConfigurationList section */
	};
	rootObject = 7E416AE01A32F15600BBF34B /* Project object */;
}
